
Microsoft Visual Studio Solution File, Format Version 12.00
# Visual Studio Version 17
VisualStudioVersion = 17.14.36511.14 d17.14
MinimumVisualStudioVersion = 10.0.40219.1
Project("{FAE04EC0-301F-11D3-BF4B-00C04F79EFBC}") = "studetDiary", "studetDiary\studetDiary.csproj", "{0A02302C-356B-4BBD-8B81-3544FEAD1573}"
EndProject
Global
	GlobalSection(SolutionConfigurationPlatforms) = preSolution
		Debug|Any CPU = Debug|Any CPU
		Release|Any CPU = Release|Any CPU
	EndGlobalSection
	GlobalSection(ProjectConfigurationPlatforms) = postSolution
		{0A02302C-356B-4BBD-8B81-3544FEAD1573}.Debug|Any CPU.ActiveCfg = Debug|Any CPU
		{0A02302C-356B-4BBD-8B81-3544FEAD1573}.Debug|Any CPU.Build.0 = Debug|Any CPU
		{0A02302C-356B-4BBD-8B81-3544FEAD1573}.Release|Any CPU.ActiveCfg = Release|Any CPU
		{0A02302C-356B-4BBD-8B81-3544FEAD1573}.Release|Any CPU.Build.0 = Release|Any CPU
	EndGlobalSection
	GlobalSection(SolutionProperties) = preSolution
		HideSolutionNode = FALSE
	EndGlobalSection
	GlobalSection(ExtensibilityGlobals) = postSolution
		SolutionGuid = {8455317D-7570-4035-B803-D0008C14C368}
	EndGlobalSection
EndGlobal
